// !$*UTF8*$!
{
	archiveVersion = 1;
	classes = {
	};
	objectVersion = 50;
	objects = {

/* Begin PBXBuildFile section */
		F31CBE812775D6530030723A /* AppDelegate.swift in Sources */ = {isa = PBXBuildFile; fileRef = F31CBE802775D6530030723A /* AppDelegate.swift */; };
		F31CBE832775D6530030723A /* SceneDelegate.swift in Sources */ = {isa = PBXBuildFile; fileRef = F31CBE822775D6530030723A /* SceneDelegate.swift */; };
		F31CBE852775D6530030723A /* ViewController.swift in Sources */ = {isa = PBXBuildFile; fileRef = F31CBE842775D6530030723A /* ViewController.swift */; };
		F31CBE882775D6530030723A /* Main.storyboard in Resources */ = {isa = PBXBuildFile; fileRef = F31CBE862775D6530030723A /* Main.storyboard */; };
		F31CBE8B2775D6530030723A /* Cafe.xcdatamodeld in Sources */ = {isa = PBXBuildFile; fileRef = F31CBE892775D6530030723A /* Cafe.xcdatamodeld */; };
		F31CBE8D2775D6570030723A /* Assets.xcassets in Resources */ = {isa = PBXBuildFile; fileRef = F31CBE8C2775D6570030723A /* Assets.xcassets */; };
		F31CBE902775D6570030723A /* LaunchScreen.storyboard in Resources */ = {isa = PBXBuildFile; fileRef = F31CBE8E2775D6570030723A /* LaunchScreen.storyboard */; };
		F31CBE9C2775D8460030723A /* Story.swift in Sources */ = {isa = PBXBuildFile; fileRef = F31CBE9B2775D8460030723A /* Story.swift */; };
		F31CBE9F2775D8540030723A /* StoryBrain.swift in Sources */ = {isa = PBXBuildFile; fileRef = F31CBE9E2775D8540030723A /* StoryBrain.swift */; };
/* End PBXBuildFile section */

/* Begin PBXFileReference section */
		F31CBE7D2775D6530030723A /* Cafe.app */ = {isa = PBXFileReference; explicitFileType = wrapper.application; includeInIndex = 0; path = Cafe.app; sourceTree = BUILT_PRODUCTS_DIR; };
		F31CBE802775D6530030723A /* AppDelegate.swift */ = {isa = PBXFileReference; lastKnownFileType = sourcecode.swift; path = AppDelegate.swift; sourceTree = "<group>"; };
		F31CBE822775D6530030723A /* SceneDelegate.swift */ = {isa = PBXFileReference; lastKnownFileType = sourcecode.swift; path = SceneDelegate.swift; sourceTree = "<group>"; };
		F31CBE842775D6530030723A /* ViewController.swift */ = {isa = PBXFileReference; lastKnownFileType = sourcecode.swift; path = ViewController.swift; sourceTree = "<group>"; };
		F31CBE872775D6530030723A /* Base */ = {isa = PBXFileReference; lastKnownFileType = file.storyboard; name = Base; path = Base.lproj/Main.storyboard; sourceTree = "<group>"; };
		F31CBE8A2775D6530030723A /* Cafe.xcdatamodel */ = {isa = PBXFileReference; lastKnownFileType = wrapper.xcdatamodel; path = Cafe.xcdatamodel; sourceTree = "<group>"; };
		F31CBE8C2775D6570030723A /* Assets.xcassets */ = {isa = PBXFileReference; lastKnownFileType = folder.assetcatalog; path = Assets.xcassets; sourceTree = "<group>"; };
		F31CBE8F2775D6570030723A /* Base */ = {isa = PBXFileReference; lastKnownFileType = file.storyboard; name = Base; path = Base.lproj/LaunchScreen.storyboard; sourceTree = "<group>"; };
		F31CBE912775D6570030723A /* Info.plist */ = {isa = PBXFileReference; lastKnownFileType = text.plist.xml; path = Info.plist; sourceTree = "<group>"; };
		F31CBE9B2775D8460030723A /* Story.swift */ = {isa = PBXFileReference; lastKnownFileType = sourcecode.swift; path = Story.swift; sourceTree = "<group>"; };
		F31CBE9E2775D8540030723A /* StoryBrain.swift */ = {isa = PBXFileReference; lastKnownFileType = sourcecode.swift; path = StoryBrain.swift; sourceTree = "<group>"; };
/* End PBXFileReference section */

/* Begin PBXFrameworksBuildPhase section */
		F31CBE7A2775D6530030723A /* Frameworks */ = {
			isa = PBXFrameworksBuildPhase;
			buildActionMask = 2147483647;
			files = (
			);
			runOnlyForDeploymentPostprocessing = 0;
		};
/* End PBXFrameworksBuildPhase section */

/* Begin PBXGroup section */
		F31CBE742775D6530030723A = {
			isa = PBXGroup;
			children = (
				F31CBE7F2775D6530030723A /* Cafe */,
				F31CBE7E2775D6530030723A /* Products */,
			);
			sourceTree = "<group>";
		};
		F31CBE7E2775D6530030723A /* Products */ = {
			isa = PBXGroup;
			children = (
				F31CBE7D2775D6530030723A /* Cafe.app */,
			);
			name = Products;
			sourceTree = "<group>";
		};
		F31CBE7F2775D6530030723A /* Cafe */ = {
			isa = PBXGroup;
			children = (
				F31CBE822775D6530030723A /* SceneDelegate.swift */,
				F31CBE802775D6530030723A /* AppDelegate.swift */,
				F3D4D2F32775DC6300ACFE7C /* Controller */,
				F3D4D2F12775DC5900ACFE7C /* View */,
				F3D4D2F02775DC4C00ACFE7C /* Model */,
				F31CBE8C2775D6570030723A /* Assets.xcassets */,
				F31CBE8E2775D6570030723A /* LaunchScreen.storyboard */,
				F31CBE912775D6570030723A /* Info.plist */,
				F31CBE892775D6530030723A /* Cafe.xcdatamodeld */,
			);
			path = Cafe;
			sourceTree = "<group>";
		};
		F3D4D2F02775DC4C00ACFE7C /* Model */ = {
			isa = PBXGroup;
			children = (
				F31CBE9E2775D8540030723A /* StoryBrain.swift */,
				F31CBE9B2775D8460030723A /* Story.swift */,
			);
			path = Model;
			sourceTree = "<group>";
		};
		F3D4D2F12775DC5900ACFE7C /* View */ = {
			isa = PBXGroup;
			children = (
				F31CBE862775D6530030723A /* Main.storyboard */,
			);
			path = View;
			sourceTree = "<group>";
		};
		F3D4D2F32775DC6300ACFE7C /* Controller */ = {
			isa = PBXGroup;
			children = (
				F31CBE842775D6530030723A /* ViewController.swift */,
			);
			path = Controller;
			sourceTree = "<group>";
		};
/* End PBXGroup section */

/* Begin PBXNativeTarget section */
		F31CBE7C2775D6530030723A /* Cafe */ = {
			isa = PBXNativeTarget;
			buildConfigurationList = F31CBE942775D6570030723A /* Build configuration list for PBXNativeTarget "Cafe" */;
			buildPhases = (
				F31CBE792775D6530030723A /* Sources */,
				F31CBE7A2775D6530030723A /* Frameworks */,
				F31CBE7B2775D6530030723A /* Resources */,
			);
			buildRules = (
			);
			dependencies = (
			);
			name = Cafe;
			productName = Cafe;
			productReference = F31CBE7D2775D6530030723A /* Cafe.app */;
			productType = "com.apple.product-type.application";
		};
/* End PBXNativeTarget section */

/* Begin PBXProject section */
		F31CBE752775D6530030723A /* Project object */ = {
			isa = PBXProject;
			attributes = {
				LastSwiftUpdateCheck = 1240;
				LastUpgradeCheck = 1240;
				TargetAttributes = {
					F31CBE7C2775D6530030723A = {
						CreatedOnToolsVersion = 12.4;
					};
				};
			};
			buildConfigurationList = F31CBE782775D6530030723A /* Build configuration list for PBXProject "Cafe" */;
			compatibilityVersion = "Xcode 9.3";
			developmentRegion = en;
			hasScannedForEncodings = 0;
			knownRegions = (
				en,
				Base,
			);
			mainGroup = F31CBE742775D6530030723A;
			productRefGroup = F31CBE7E2775D6530030723A /* Products */;
			projectDirPath = "";
			projectRoot = "";
			targets = (
				F31CBE7C2775D6530030723A /* Cafe */,
			);
		};
/* End PBXProject section */

/* Begin PBXResourcesBuildPhase section */
		F31CBE7B2775D6530030723A /* Resources */ = {
			isa = PBXResourcesBuildPhase;
			buildActionMask = 2147483647;
			files = (
				F31CBE902775D6570030723A /* LaunchScreen.storyboard in Resources */,
				F31CBE8D2775D6570030723A /* Assets.xcassets in Resources */,
				F31CBE882775D6530030723A /* Main.storyboard in Resources */,
			);
			runOnlyForDeploymentPostprocessing = 0;
		};
/* End PBXResourcesBuildPhase section */

/* Begin PBXSourcesBuildPhase section */
		F31CBE792775D6530030723A /* Sources */ = {
			isa = PBXSourcesBuildPhase;
			buildActionMask = 2147483647;
			files = (
				F31CBE9F2775D8540030723A /* StoryBrain.swift in Sources */,
				F31CBE8B2775D6530030723A /* Cafe.xcdatamodeld in Sources */,
				F31CBE852775D6530030723A /* ViewController.swift in Sources */,
				F31CBE812775D6530030723A /* AppDelegate.swift in Sources */,
				F31CBE832775D6530030723A /* SceneDelegate.swift in Sources */,
				F31CBE9C2775D8460030723A /* Story.swift in Sources */,
			);
			runOnlyForDeploymentPostprocessing = 0;
		};
/* End PBXSourcesBuildPhase section */

/* Begin PBXVariantGroup section */
		F31CBE862775D6530030723A /* Main.storyboard */ = {
			isa = PBXVariantGroup;
			children = (
				F31CBE872775D6530030723A /* Base */,
			);
			name = Main.storyboard;
			sourceTree = "<group>";
		};
		F31CBE8E2775D6570030723A /* LaunchScreen.storyboard */ = {
			isa = PBXVariantGroup;
			children = (
				F31CBE8F2775D6570030723A /* Base */,
			);
			name = LaunchScreen.storyboard;
			sourceTree = "<group>";
		};
/* End PBXVariantGroup section */

/* Begin XCBuildConfiguration section */
		F31CBE922775D6570030723A /* Debug */ = {
			isa = XCBuildConfiguration;
			buildSettings = {
				ALWAYS_SEARCH_USER_PATHS = NO;
				CLANG_ANALYZER_NONNULL = YES;
				CLANG_ANALYZER_NUMBER_OBJECT_CONVERSION = YES_AGGRESSIVE;
				CLANG_CXX_LANGUAGE_STANDARD = "gnu++14";
				CLANG_CXX_LIBRARY = "libc++";
				CLANG_ENABLE_MODULES = YES;
				CLANG_ENABLE_OBJC_ARC = YES;
				CLANG_ENABLE_OBJC_WEAK = YES;
				CLANG_WARN_BLOCK_CAPTURE_AUTORELEASING = YES;
				CLANG_WARN_BOOL_CONVERSION = YES;
				CLANG_WARN_COMMA = YES;
				CLANG_WARN_CONSTANT_CONVERSION = YES;
				CLANG_WARN_DEPRECATED_OBJC_IMPLEMENTATIONS = YES;
				CLANG_WARN_DIRECT_OBJC_ISA_USAGE = YES_ERROR;
				CLANG_WARN_DOCUMENTATION_COMMENTS = YES;
				CLANG_WARN_EMPTY_BODY = YES;
				CLANG_WARN_ENUM_CONVERSION = YES;
				CLANG_WARN_INFINITE_RECURSION = YES;
				CLANG_WARN_INT_CONVERSION = YES;
				CLANG_WARN_NON_LITERAL_NULL_CONVERSION = YES;
				CLANG_WARN_OBJC_IMPLICIT_RETAIN_SELF = YES;
				CLANG_WARN_OBJC_LITERAL_CONVERSION = YES;
				CLANG_WARN_OBJC_ROOT_CLASS = YES_ERROR;
				CLANG_WARN_QUOTED_INCLUDE_IN_FRAMEWORK_HEADER = YES;
				CLANG_WARN_RANGE_LOOP_ANALYSIS = YES;
				CLANG_WARN_STRICT_PROTOTYPES = YES;
				CLANG_WARN_SUSPICIOUS_MOVE = YES;
				CLANG_WARN_UNGUARDED_AVAILABILITY = YES_AGGRESSIVE;
				CLANG_WARN_UNREACHABLE_CODE = YES;
				CLANG_WARN__DUPLICATE_METHOD_MATCH = YES;
				COPY_PHASE_STRIP = NO;
				DEBUG_INFORMATION_FORMAT = dwarf;
				ENABLE_STRICT_OBJC_MSGSEND = YES;
				ENABLE_TESTABILITY = YES;
				GCC_C_LANGUAGE_STANDARD = gnu11;
				GCC_DYNAMIC_NO_PIC = NO;
				GCC_NO_COMMON_BLOCKS = YES;
				GCC_OPTIMIZATION_LEVEL = 0;
				GCC_PREPROCESSOR_DEFINITIONS = (
					"DEBUG=1",
					"$(inherited)",
				);
				GCC_WARN_64_TO_32_BIT_CONVERSION = YES;
				GCC_WARN_ABOUT_RETURN_TYPE = YES_ERROR;
				GCC_WARN_UNDECLARED_SELECTOR = YES;
				GCC_WARN_UNINITIALIZED_AUTOS = YES_AGGRESSIVE;
				GCC_WARN_UNUSED_FUNCTION = YES;
				GCC_WARN_UNUSED_VARIABLE = YES;
				IPHONEOS_DEPLOYMENT_TARGET = 14.4;
				MTL_ENABLE_DEBUG_INFO = INCLUDE_SOURCE;
				MTL_FAST_MATH = YES;
				ONLY_ACTIVE_ARCH = YES;
				SDKROOT = iphoneos;
				SWIFT_ACTIVE_COMPILATION_CONDITIONS = DEBUG;
				SWIFT_OPTIMIZATION_LEVEL = "-Onone";
			};
			name = Debug;
		};
		F31CBE932775D6570030723A /* Release */ = {
			isa = XCBuildConfiguration;
			buildSettings = {
				ALWAYS_SEARCH_USER_PATHS = NO;
				CLANG_ANALYZER_NONNULL = YES;
				CLANG_ANALYZER_NUMBER_OBJECT_CONVERSION = YES_AGGRESSIVE;
				CLANG_CXX_LANGUAGE_STANDARD = "gnu++14";
				CLANG_CXX_LIBRARY = "libc++";
				CLANG_ENABLE_MODULES = YES;
				CLANG_ENABLE_OBJC_ARC = YES;
				CLANG_ENABLE_OBJC_WEAK = YES;
				CLANG_WARN_BLOCK_CAPTURE_AUTORELEASING = YES;
				CLANG_WARN_BOOL_CONVERSION = YES;
				CLANG_WARN_COMMA = YES;
				CLANG_WARN_CONSTANT_CONVERSION = YES;
				CLANG_WARN_DEPRECATED_OBJC_IMPLEMENTATIONS = YES;
				CLANG_WARN_DIRECT_OBJC_ISA_USAGE = YES_ERROR;
				CLANG_WARN_DOCUMENTATION_COMMENTS = YES;
				CLANG_WARN_EMPTY_BODY = YES;
				CLANG_WARN_ENUM_CONVERSION = YES;
				CLANG_WARN_INFINITE_RECURSION = YES;
				CLANG_WARN_INT_CONVERSION = YES;
				CLANG_WARN_NON_LITERAL_NULL_CONVERSION = YES;
				CLANG_WARN_OBJC_IMPLICIT_RETAIN_SELF = YES;
				CLANG_WARN_OBJC_LITERAL_CONVERSION = YES;
				CLANG_WARN_OBJC_ROOT_CLASS = YES_ERROR;
				CLANG_WARN_QUOTED_INCLUDE_IN_FRAMEWORK_HEADER = YES;
				CLANG_WARN_RANGE_LOOP_ANALYSIS = YES;
				CLANG_WARN_STRICT_PROTOTYPES = YES;
				CLANG_WARN_SUSPICIOUS_MOVE = YES;
				CLANG_WARN_UNGUARDED_AVAILABILITY = YES_AGGRESSIVE;
				CLANG_WARN_UNREACHABLE_CODE = YES;
				CLANG_WARN__DUPLICATE_METHOD_MATCH = YES;
				COPY_PHASE_STRIP = NO;
				DEBUG_INFORMATION_FORMAT = "dwarf-with-dsym";
				ENABLE_NS_ASSERTIONS = NO;
				ENABLE_STRICT_OBJC_MSGSEND = YES;
				GCC_C_LANGUAGE_STANDARD = gnu11;
				GCC_NO_COMMON_BLOCKS = YES;
				GCC_WARN_64_TO_32_BIT_CONVERSION = YES;
				GCC_WARN_ABOUT_RETURN_TYPE = YES_ERROR;
				GCC_WARN_UNDECLARED_SELECTOR = YES;
				GCC_WARN_UNINITIALIZED_AUTOS = YES_AGGRESSIVE;
				GCC_WARN_UNUSED_FUNCTION = YES;
				GCC_WARN_UNUSED_VARIABLE = YES;
				IPHONEOS_DEPLOYMENT_TARGET = 14.4;
				MTL_ENABLE_DEBUG_INFO = NO;
				MTL_FAST_MATH = YES;
				SDKROOT = iphoneos;
				SWIFT_COMPILATION_MODE = wholemodule;
				SWIFT_OPTIMIZATION_LEVEL = "-O";
				VALIDATE_PRODUCT = YES;
			};
			name = Release;
		};
		F31CBE952775D6570030723A /* Debug */ = {
			isa = XCBuildConfiguration;
			buildSettings = {
				ASSETCATALOG_COMPILER_APPICON_NAME = AppIcon;
				ASSETCATALOG_COMPILER_GLOBAL_ACCENT_COLOR_NAME = AccentColor;
				CODE_SIGN_STYLE = Automatic;
				INFOPLIST_FILE = Cafe/Info.plist;
				LD_RUNPATH_SEARCH_PATHS = (
					"$(inherited)",
					"@executable_path/Frameworks",
				);
				PRODUCT_BUNDLE_IDENTIFIER = "Grifon-corporation.Cafe";
				PRODUCT_NAME = "$(TARGET_NAME)";
				SWIFT_VERSION = 5.0;
				TARGETED_DEVICE_FAMILY = "1,2";
			};
			name = Debug;
		};
		F31CBE962775D6570030723A /* Release */ = {
			isa = XCBuildConfiguration;
			buildSettings = {
				ASSETCATALOG_COMPILER_APPICON_NAME = AppIcon;
				ASSETCATALOG_COMPILER_GLOBAL_ACCENT_COLOR_NAME = AccentColor;
				CODE_SIGN_STYLE = Automatic;
				INFOPLIST_FILE = Cafe/Info.plist;
				LD_RUNPATH_SEARCH_PATHS = (
					"$(inherited)",
					"@executable_path/Frameworks",
				);
				PRODUCT_BUNDLE_IDENTIFIER = "Grifon-corporation.Cafe";
				PRODUCT_NAME = "$(TARGET_NAME)";
				SWIFT_VERSION = 5.0;
				TARGETED_DEVICE_FAMILY = "1,2";
			};
			name = Release;
		};
/* End XCBuildConfiguration section */

/* Begin XCConfigurationList section */
		F31CBE782775D6530030723A /* Build configuration list for PBXProject "Cafe" */ = {
			isa = XCConfigurationList;
			buildConfigurations = (
				F31CBE922775D6570030723A /* Debug */,
				F31CBE932775D6570030723A /* Release */,
			);
			defaultConfigurationIsVisible = 0;
			defaultConfigurationName = Release;
		};
		F31CBE942775D6570030723A /* Build configuration list for PBXNativeTarget "Cafe" */ = {
			isa = XCConfigurationList;
			buildConfigurations = (
				F31CBE952775D6570030723A /* Debug */,
				F31CBE962775D6570030723A /* Release */,
			);
			defaultConfigurationIsVisible = 0;
			defaultConfigurationName = Release;
		};
/* End XCConfigurationList section */

/* Begin XCVersionGroup section */
		F31CBE892775D6530030723A /* Cafe.xcdatamodeld */ = {
			isa = XCVersionGroup;
			children = (
				F31CBE8A2775D6530030723A /* Cafe.xcdatamodel */,
			);
			currentVersion = F31CBE8A2775D6530030723A /* Cafe.xcdatamodel */;
			path = Cafe.xcdatamodeld;
			sourceTree = "<group>";
			versionGroupType = wrapper.xcdatamodel;
		};
/* End XCVersionGroup section */
	};
	rootObject = F31CBE752775D6530030723A /* Project object */;
}
